
Microsoft Visual Studio Solution File, Format Version 12.00
# Visual Studio Version 16
VisualStudioVersion = 16.0.31025.194
MinimumVisualStudioVersion = 10.0.40219.1
Project("{FAE04EC0-301F-11D3-BF4B-00C04F79EFBC}") = "SignOfIntegerNumbers", "SignOfIntegerNumbers\SignOfIntegerNumbers.csproj", "{0D6BD7BF-20B8-4084-801C-23E0315E8E12}"
EndProject
Global
	GlobalSection(SolutionConfigurationPlatforms) = preSolution
		Debug|Any CPU = Debug|Any CPU
		Release|Any CPU = Release|Any CPU
	EndGlobalSection
	GlobalSection(ProjectConfigurationPlatforms) = postSolution
		{0D6BD7BF-20B8-4084-801C-23E0315E8E12}.Debug|Any CPU.ActiveCfg = Debug|Any CPU
		{0D6BD7BF-20B8-4084-801C-23E0315E8E12}.Debug|Any CPU.Build.0 = Debug|Any CPU
		{0D6BD7BF-20B8-4084-801C-23E0315E8E12}.Release|Any CPU.ActiveCfg = Release|Any CPU
		{0D6BD7BF-20B8-4084-801C-23E0315E8E12}.Release|Any CPU.Build.0 = Release|Any CPU
	EndGlobalSection
	GlobalSection(SolutionProperties) = preSolution
		HideSolutionNode = FALSE
	EndGlobalSection
	GlobalSection(ExtensibilityGlobals) = postSolution
		SolutionGuid = {59AF3470-DFBB-469C-8DB7-224FFE43B45A}
	EndGlobalSection
EndGlobal
