
Microsoft Visual Studio Solution File, Format Version 12.00
# Visual Studio Version 16
VisualStudioVersion = 16.0.31025.194
MinimumVisualStudioVersion = 10.0.40219.1
Project("{FAE04EC0-301F-11D3-BF4B-00C04F79EFBC}") = "SoftuniParking", "SoftuniParking\SoftuniParking.csproj", "{F0978460-97F3-4FD0-BBC3-6FB3162F2D3C}"
EndProject
Global
	GlobalSection(SolutionConfigurationPlatforms) = preSolution
		Debug|Any CPU = Debug|Any CPU
		Release|Any CPU = Release|Any CPU
	EndGlobalSection
	GlobalSection(ProjectConfigurationPlatforms) = postSolution
		{F0978460-97F3-4FD0-BBC3-6FB3162F2D3C}.Debug|Any CPU.ActiveCfg = Debug|Any CPU
		{F0978460-97F3-4FD0-BBC3-6FB3162F2D3C}.Debug|Any CPU.Build.0 = Debug|Any CPU
		{F0978460-97F3-4FD0-BBC3-6FB3162F2D3C}.Release|Any CPU.ActiveCfg = Release|Any CPU
		{F0978460-97F3-4FD0-BBC3-6FB3162F2D3C}.Release|Any CPU.Build.0 = Release|Any CPU
	EndGlobalSection
	GlobalSection(SolutionProperties) = preSolution
		HideSolutionNode = FALSE
	EndGlobalSection
	GlobalSection(ExtensibilityGlobals) = postSolution
		SolutionGuid = {587E4972-E775-402D-886A-D62EBBF746E0}
	EndGlobalSection
EndGlobal
