
Microsoft Visual Studio Solution File, Format Version 12.00
# Visual Studio Version 16
VisualStudioVersion = 16.0.31424.327
MinimumVisualStudioVersion = 10.0.40219.1
Project("{FAE04EC0-301F-11D3-BF4B-00C04F79EFBC}") = "P!rates", "P!rates\P!rates.csproj", "{19FD64FC-C331-4405-B11A-A56A9F788D57}"
EndProject
Global
	GlobalSection(SolutionConfigurationPlatforms) = preSolution
		Debug|Any CPU = Debug|Any CPU
		Release|Any CPU = Release|Any CPU
	EndGlobalSection
	GlobalSection(ProjectConfigurationPlatforms) = postSolution
		{19FD64FC-C331-4405-B11A-A56A9F788D57}.Debug|Any CPU.ActiveCfg = Debug|Any CPU
		{19FD64FC-C331-4405-B11A-A56A9F788D57}.Debug|Any CPU.Build.0 = Debug|Any CPU
		{19FD64FC-C331-4405-B11A-A56A9F788D57}.Release|Any CPU.ActiveCfg = Release|Any CPU
		{19FD64FC-C331-4405-B11A-A56A9F788D57}.Release|Any CPU.Build.0 = Release|Any CPU
	EndGlobalSection
	GlobalSection(SolutionProperties) = preSolution
		HideSolutionNode = FALSE
	EndGlobalSection
	GlobalSection(ExtensibilityGlobals) = postSolution
		SolutionGuid = {9C1AEE5E-2270-418E-88E5-7FE821FA8044}
	EndGlobalSection
EndGlobal
