
Microsoft Visual Studio Solution File, Format Version 12.00
# Visual Studio Version 16
VisualStudioVersion = 16.0.31025.194
MinimumVisualStudioVersion = 10.0.40219.1
Project("{FAE04EC0-301F-11D3-BF4B-00C04F79EFBC}") = "Students2.0", "Students2.0\Students2.0.csproj", "{97F0084E-7E6E-422E-9FB1-100AA0D5AE67}"
EndProject
Global
	GlobalSection(SolutionConfigurationPlatforms) = preSolution
		Debug|Any CPU = Debug|Any CPU
		Release|Any CPU = Release|Any CPU
	EndGlobalSection
	GlobalSection(ProjectConfigurationPlatforms) = postSolution
		{97F0084E-7E6E-422E-9FB1-100AA0D5AE67}.Debug|Any CPU.ActiveCfg = Debug|Any CPU
		{97F0084E-7E6E-422E-9FB1-100AA0D5AE67}.Debug|Any CPU.Build.0 = Debug|Any CPU
		{97F0084E-7E6E-422E-9FB1-100AA0D5AE67}.Release|Any CPU.ActiveCfg = Release|Any CPU
		{97F0084E-7E6E-422E-9FB1-100AA0D5AE67}.Release|Any CPU.Build.0 = Release|Any CPU
	EndGlobalSection
	GlobalSection(SolutionProperties) = preSolution
		HideSolutionNode = FALSE
	EndGlobalSection
	GlobalSection(ExtensibilityGlobals) = postSolution
		SolutionGuid = {60A679B7-0116-4C3C-8098-BC140140D573}
	EndGlobalSection
EndGlobal
