
Microsoft Visual Studio Solution File, Format Version 12.00
# Visual Studio Version 16
VisualStudioVersion = 16.0.31025.194
MinimumVisualStudioVersion = 10.0.40219.1
Project("{FAE04EC0-301F-11D3-BF4B-00C04F79EFBC}") = "MatchDates", "MatchDates\MatchDates.csproj", "{8643DB67-970C-4925-8F4A-5DB214ADC55E}"
EndProject
Global
	GlobalSection(SolutionConfigurationPlatforms) = preSolution
		Debug|Any CPU = Debug|Any CPU
		Release|Any CPU = Release|Any CPU
	EndGlobalSection
	GlobalSection(ProjectConfigurationPlatforms) = postSolution
		{8643DB67-970C-4925-8F4A-5DB214ADC55E}.Debug|Any CPU.ActiveCfg = Debug|Any CPU
		{8643DB67-970C-4925-8F4A-5DB214ADC55E}.Debug|Any CPU.Build.0 = Debug|Any CPU
		{8643DB67-970C-4925-8F4A-5DB214ADC55E}.Release|Any CPU.ActiveCfg = Release|Any CPU
		{8643DB67-970C-4925-8F4A-5DB214ADC55E}.Release|Any CPU.Build.0 = Release|Any CPU
	EndGlobalSection
	GlobalSection(SolutionProperties) = preSolution
		HideSolutionNode = FALSE
	EndGlobalSection
	GlobalSection(ExtensibilityGlobals) = postSolution
		SolutionGuid = {4A60049C-75B1-46DA-82E3-D2D0638FF21B}
	EndGlobalSection
EndGlobal
