
Microsoft Visual Studio Solution File, Format Version 12.00
# Visual Studio Version 16
VisualStudioVersion = 16.0.31025.194
MinimumVisualStudioVersion = 10.0.40219.1
Project("{FAE04EC0-301F-11D3-BF4B-00C04F79EFBC}") = "SumAdjectionEqualNumbers", "SumAdjectionEqualNumbers\SumAdjectionEqualNumbers.csproj", "{1B636D1B-54D8-437E-A5B4-9F9FF9BDD16B}"
EndProject
Global
	GlobalSection(SolutionConfigurationPlatforms) = preSolution
		Debug|Any CPU = Debug|Any CPU
		Release|Any CPU = Release|Any CPU
	EndGlobalSection
	GlobalSection(ProjectConfigurationPlatforms) = postSolution
		{1B636D1B-54D8-437E-A5B4-9F9FF9BDD16B}.Debug|Any CPU.ActiveCfg = Debug|Any CPU
		{1B636D1B-54D8-437E-A5B4-9F9FF9BDD16B}.Debug|Any CPU.Build.0 = Debug|Any CPU
		{1B636D1B-54D8-437E-A5B4-9F9FF9BDD16B}.Release|Any CPU.ActiveCfg = Release|Any CPU
		{1B636D1B-54D8-437E-A5B4-9F9FF9BDD16B}.Release|Any CPU.Build.0 = Release|Any CPU
	EndGlobalSection
	GlobalSection(SolutionProperties) = preSolution
		HideSolutionNode = FALSE
	EndGlobalSection
	GlobalSection(ExtensibilityGlobals) = postSolution
		SolutionGuid = {DBA2493B-3C71-4052-A062-1904B8BA5881}
	EndGlobalSection
EndGlobal
