
Microsoft Visual Studio Solution File, Format Version 12.00
# Visual Studio Version 16
VisualStudioVersion = 16.0.31025.194
MinimumVisualStudioVersion = 10.0.40219.1
Project("{FAE04EC0-301F-11D3-BF4B-00C04F79EFBC}") = "MatchPhoneNumber", "MatchPhoneNumber\MatchPhoneNumber.csproj", "{D5A82D38-D76F-4ADB-956A-75395339F33A}"
EndProject
Global
	GlobalSection(SolutionConfigurationPlatforms) = preSolution
		Debug|Any CPU = Debug|Any CPU
		Release|Any CPU = Release|Any CPU
	EndGlobalSection
	GlobalSection(ProjectConfigurationPlatforms) = postSolution
		{D5A82D38-D76F-4ADB-956A-75395339F33A}.Debug|Any CPU.ActiveCfg = Debug|Any CPU
		{D5A82D38-D76F-4ADB-956A-75395339F33A}.Debug|Any CPU.Build.0 = Debug|Any CPU
		{D5A82D38-D76F-4ADB-956A-75395339F33A}.Release|Any CPU.ActiveCfg = Release|Any CPU
		{D5A82D38-D76F-4ADB-956A-75395339F33A}.Release|Any CPU.Build.0 = Release|Any CPU
	EndGlobalSection
	GlobalSection(SolutionProperties) = preSolution
		HideSolutionNode = FALSE
	EndGlobalSection
	GlobalSection(ExtensibilityGlobals) = postSolution
		SolutionGuid = {DC21FD4F-0BC4-462C-A5CA-49B1CD0B0B95}
	EndGlobalSection
EndGlobal
