
Microsoft Visual Studio Solution File, Format Version 12.00
# Visual Studio Version 16
VisualStudioVersion = 16.0.31025.194
MinimumVisualStudioVersion = 10.0.40219.1
Project("{FAE04EC0-301F-11D3-BF4B-00C04F79EFBC}") = "StarEnigme", "StarEnigme\StarEnigme.csproj", "{659563B0-5000-42C5-A0FD-E5D336C0D749}"
EndProject
Global
	GlobalSection(SolutionConfigurationPlatforms) = preSolution
		Debug|Any CPU = Debug|Any CPU
		Release|Any CPU = Release|Any CPU
	EndGlobalSection
	GlobalSection(ProjectConfigurationPlatforms) = postSolution
		{659563B0-5000-42C5-A0FD-E5D336C0D749}.Debug|Any CPU.ActiveCfg = Debug|Any CPU
		{659563B0-5000-42C5-A0FD-E5D336C0D749}.Debug|Any CPU.Build.0 = Debug|Any CPU
		{659563B0-5000-42C5-A0FD-E5D336C0D749}.Release|Any CPU.ActiveCfg = Release|Any CPU
		{659563B0-5000-42C5-A0FD-E5D336C0D749}.Release|Any CPU.Build.0 = Release|Any CPU
	EndGlobalSection
	GlobalSection(SolutionProperties) = preSolution
		HideSolutionNode = FALSE
	EndGlobalSection
	GlobalSection(ExtensibilityGlobals) = postSolution
		SolutionGuid = {4232D95E-CA39-47B1-842C-69290F795165}
	EndGlobalSection
EndGlobal
