
Microsoft Visual Studio Solution File, Format Version 12.00
# Visual Studio Version 16
VisualStudioVersion = 16.0.31025.194
MinimumVisualStudioVersion = 10.0.40219.1
Project("{FAE04EC0-301F-11D3-BF4B-00C04F79EFBC}") = "VehicleCatalogue2", "VehicleCatalogue2\VehicleCatalogue2.csproj", "{B9514AD8-F9C6-4632-8124-8F5C08B60307}"
EndProject
Global
	GlobalSection(SolutionConfigurationPlatforms) = preSolution
		Debug|Any CPU = Debug|Any CPU
		Release|Any CPU = Release|Any CPU
	EndGlobalSection
	GlobalSection(ProjectConfigurationPlatforms) = postSolution
		{B9514AD8-F9C6-4632-8124-8F5C08B60307}.Debug|Any CPU.ActiveCfg = Debug|Any CPU
		{B9514AD8-F9C6-4632-8124-8F5C08B60307}.Debug|Any CPU.Build.0 = Debug|Any CPU
		{B9514AD8-F9C6-4632-8124-8F5C08B60307}.Release|Any CPU.ActiveCfg = Release|Any CPU
		{B9514AD8-F9C6-4632-8124-8F5C08B60307}.Release|Any CPU.Build.0 = Release|Any CPU
	EndGlobalSection
	GlobalSection(SolutionProperties) = preSolution
		HideSolutionNode = FALSE
	EndGlobalSection
	GlobalSection(ExtensibilityGlobals) = postSolution
		SolutionGuid = {34089220-85BA-41DE-8D26-0C5A992CD46D}
	EndGlobalSection
EndGlobal
