
Microsoft Visual Studio Solution File, Format Version 12.00
# Visual Studio Version 16
VisualStudioVersion = 16.0.31025.194
MinimumVisualStudioVersion = 10.0.40219.1
Project("{FAE04EC0-301F-11D3-BF4B-00C04F79EFBC}") = "PokemonDon'tGo", "PokemonDon'tGo\PokemonDon'tGo.csproj", "{00096963-892D-46E0-891C-ABCEA6E70E65}"
EndProject
Global
	GlobalSection(SolutionConfigurationPlatforms) = preSolution
		Debug|Any CPU = Debug|Any CPU
		Release|Any CPU = Release|Any CPU
	EndGlobalSection
	GlobalSection(ProjectConfigurationPlatforms) = postSolution
		{00096963-892D-46E0-891C-ABCEA6E70E65}.Debug|Any CPU.ActiveCfg = Debug|Any CPU
		{00096963-892D-46E0-891C-ABCEA6E70E65}.Debug|Any CPU.Build.0 = Debug|Any CPU
		{00096963-892D-46E0-891C-ABCEA6E70E65}.Release|Any CPU.ActiveCfg = Release|Any CPU
		{00096963-892D-46E0-891C-ABCEA6E70E65}.Release|Any CPU.Build.0 = Release|Any CPU
	EndGlobalSection
	GlobalSection(SolutionProperties) = preSolution
		HideSolutionNode = FALSE
	EndGlobalSection
	GlobalSection(ExtensibilityGlobals) = postSolution
		SolutionGuid = {E6CCFDA1-380C-46FC-98F4-9E624665E408}
	EndGlobalSection
EndGlobal
