
Microsoft Visual Studio Solution File, Format Version 12.00
# Visual Studio Version 16
VisualStudioVersion = 16.0.31025.194
MinimumVisualStudioVersion = 10.0.40219.1
Project("{FAE04EC0-301F-11D3-BF4B-00C04F79EFBC}") = "ListManipulationAdvanced", "ListManipulationAdvanced\ListManipulationAdvanced.csproj", "{A17C6EF1-AF64-4179-9F13-88248934686D}"
EndProject
Global
	GlobalSection(SolutionConfigurationPlatforms) = preSolution
		Debug|Any CPU = Debug|Any CPU
		Release|Any CPU = Release|Any CPU
	EndGlobalSection
	GlobalSection(ProjectConfigurationPlatforms) = postSolution
		{A17C6EF1-AF64-4179-9F13-88248934686D}.Debug|Any CPU.ActiveCfg = Debug|Any CPU
		{A17C6EF1-AF64-4179-9F13-88248934686D}.Debug|Any CPU.Build.0 = Debug|Any CPU
		{A17C6EF1-AF64-4179-9F13-88248934686D}.Release|Any CPU.ActiveCfg = Release|Any CPU
		{A17C6EF1-AF64-4179-9F13-88248934686D}.Release|Any CPU.Build.0 = Release|Any CPU
	EndGlobalSection
	GlobalSection(SolutionProperties) = preSolution
		HideSolutionNode = FALSE
	EndGlobalSection
	GlobalSection(ExtensibilityGlobals) = postSolution
		SolutionGuid = {99B095F1-C04F-482B-86B4-D0944F1A1176}
	EndGlobalSection
EndGlobal
