
Microsoft Visual Studio Solution File, Format Version 12.00
# Visual Studio Version 16
VisualStudioVersion = 16.0.31025.194
MinimumVisualStudioVersion = 10.0.40219.1
Project("{FAE04EC0-301F-11D3-BF4B-00C04F79EFBC}") = "Courses", "Courses\Courses.csproj", "{3C91787D-816C-4841-B9C2-8CC409BD7844}"
EndProject
Global
	GlobalSection(SolutionConfigurationPlatforms) = preSolution
		Debug|Any CPU = Debug|Any CPU
		Release|Any CPU = Release|Any CPU
	EndGlobalSection
	GlobalSection(ProjectConfigurationPlatforms) = postSolution
		{3C91787D-816C-4841-B9C2-8CC409BD7844}.Debug|Any CPU.ActiveCfg = Debug|Any CPU
		{3C91787D-816C-4841-B9C2-8CC409BD7844}.Debug|Any CPU.Build.0 = Debug|Any CPU
		{3C91787D-816C-4841-B9C2-8CC409BD7844}.Release|Any CPU.ActiveCfg = Release|Any CPU
		{3C91787D-816C-4841-B9C2-8CC409BD7844}.Release|Any CPU.Build.0 = Release|Any CPU
	EndGlobalSection
	GlobalSection(SolutionProperties) = preSolution
		HideSolutionNode = FALSE
	EndGlobalSection
	GlobalSection(ExtensibilityGlobals) = postSolution
		SolutionGuid = {4854698E-DB00-4E06-851F-600C39C09DCA}
	EndGlobalSection
EndGlobal
